
Microsoft Visual Studio Solution File, Format Version 12.00
# Visual Studio 14
VisualStudioVersion = 14.0.25123.0
MinimumVisualStudioVersion = 10.0.40219.1
Project("{FAE04EC0-301F-11D3-BF4B-00C04F79EFBC}") = "DriverLocatorService", "DriverLocatorService\DriverLocatorService.csproj", "{F708AC5D-9546-413E-B93D-7424A580B6B2}"
EndProject
Project("{FAE04EC0-301F-11D3-BF4B-00C04F79EFBC}") = "AuthenticationService", "AuthenticationService\AuthenticationService.csproj", "{50076681-3661-4E95-9F18-E37BC74D82B6}"
EndProject
Project("{FAE04EC0-301F-11D3-BF4B-00C04F79EFBC}") = "Common", "Common\Common.csproj", "{27F7EF25-DC26-4427-9966-8CDE4146D3A9}"
EndProject
Project("{FAE04EC0-301F-11D3-BF4B-00C04F79EFBC}") = "DriverLocatorFormsPortable", "DriverLocatorFormsPortable\DriverLocatorFormsPortable\DriverLocatorFormsPortable.csproj", "{888ED908-1AD8-42AF-97ED-748AECA765BC}"
EndProject
Project("{FAE04EC0-301F-11D3-BF4B-00C04F79EFBC}") = "DriverLocatorFormsPortable.Droid", "DriverLocatorFormsPortable\DriverLocatorFormsPortable.Droid\DriverLocatorFormsPortable.Droid.csproj", "{E1C2AB2E-4ABF-484E-B5CF-ED8CC3D57F53}"
EndProject
Project("{9092AA53-FB77-4645-B42D-1CCCA6BD08BD}") = "RideShareApiTS", "RideShareApiTS\RideShareApiTS.njsproj", "{29C99B4F-A4F5-4353-BED0-E7FD04A5119C}"
EndProject
Project("{9092AA53-FB77-4645-B42D-1CCCA6BD08BD}") = "AutheticationApiTS", "AutheticationApiTS\AutheticationApiTS.njsproj", "{F63BCE03-FF21-4BCA-B257-0617E924F09D}"
EndProject
Project("{9092AA53-FB77-4645-B42D-1CCCA6BD08BD}") = "RideShareApi", "RideShareApi\RideShareApi.njsproj", "{94B811BF-F570-4310-B86C-D09655A9FECF}"
EndProject
Global
	GlobalSection(SolutionConfigurationPlatforms) = preSolution
		Ad-Hoc|Any CPU = Ad-Hoc|Any CPU
		Ad-Hoc|iPhone = Ad-Hoc|iPhone
		Ad-Hoc|iPhoneSimulator = Ad-Hoc|iPhoneSimulator
		Ad-Hoc|Mixed Platforms = Ad-Hoc|Mixed Platforms
		AppStore|Any CPU = AppStore|Any CPU
		AppStore|iPhone = AppStore|iPhone
		AppStore|iPhoneSimulator = AppStore|iPhoneSimulator
		AppStore|Mixed Platforms = AppStore|Mixed Platforms
		Debug|Any CPU = Debug|Any CPU
		Debug|iPhone = Debug|iPhone
		Debug|iPhoneSimulator = Debug|iPhoneSimulator
		Debug|Mixed Platforms = Debug|Mixed Platforms
		Release|Any CPU = Release|Any CPU
		Release|iPhone = Release|iPhone
		Release|iPhoneSimulator = Release|iPhoneSimulator
		Release|Mixed Platforms = Release|Mixed Platforms
	EndGlobalSection
	GlobalSection(ProjectConfigurationPlatforms) = postSolution
		{F708AC5D-9546-413E-B93D-7424A580B6B2}.Ad-Hoc|Any CPU.ActiveCfg = Release|Any CPU
		{F708AC5D-9546-413E-B93D-7424A580B6B2}.Ad-Hoc|Any CPU.Build.0 = Release|Any CPU
		{F708AC5D-9546-413E-B93D-7424A580B6B2}.Ad-Hoc|iPhone.ActiveCfg = Release|Any CPU
		{F708AC5D-9546-413E-B93D-7424A580B6B2}.Ad-Hoc|iPhoneSimulator.ActiveCfg = Release|Any CPU
		{F708AC5D-9546-413E-B93D-7424A580B6B2}.Ad-Hoc|Mixed Platforms.ActiveCfg = Release|Any CPU
		{F708AC5D-9546-413E-B93D-7424A580B6B2}.Ad-Hoc|Mixed Platforms.Build.0 = Release|Any CPU
		{F708AC5D-9546-413E-B93D-7424A580B6B2}.AppStore|Any CPU.ActiveCfg = Release|Any CPU
		{F708AC5D-9546-413E-B93D-7424A580B6B2}.AppStore|Any CPU.Build.0 = Release|Any CPU
		{F708AC5D-9546-413E-B93D-7424A580B6B2}.AppStore|iPhone.ActiveCfg = Release|Any CPU
		{F708AC5D-9546-413E-B93D-7424A580B6B2}.AppStore|iPhoneSimulator.ActiveCfg = Release|Any CPU
		{F708AC5D-9546-413E-B93D-7424A580B6B2}.AppStore|Mixed Platforms.ActiveCfg = Release|Any CPU
		{F708AC5D-9546-413E-B93D-7424A580B6B2}.AppStore|Mixed Platforms.Build.0 = Release|Any CPU
		{F708AC5D-9546-413E-B93D-7424A580B6B2}.Debug|Any CPU.ActiveCfg = Debug|Any CPU
		{F708AC5D-9546-413E-B93D-7424A580B6B2}.Debug|Any CPU.Build.0 = Debug|Any CPU
		{F708AC5D-9546-413E-B93D-7424A580B6B2}.Debug|iPhone.ActiveCfg = Debug|Any CPU
		{F708AC5D-9546-413E-B93D-7424A580B6B2}.Debug|iPhoneSimulator.ActiveCfg = Debug|Any CPU
		{F708AC5D-9546-413E-B93D-7424A580B6B2}.Debug|Mixed Platforms.ActiveCfg = Debug|Any CPU
		{F708AC5D-9546-413E-B93D-7424A580B6B2}.Debug|Mixed Platforms.Build.0 = Debug|Any CPU
		{F708AC5D-9546-413E-B93D-7424A580B6B2}.Release|Any CPU.ActiveCfg = Release|Any CPU
		{F708AC5D-9546-413E-B93D-7424A580B6B2}.Release|Any CPU.Build.0 = Release|Any CPU
		{F708AC5D-9546-413E-B93D-7424A580B6B2}.Release|iPhone.ActiveCfg = Release|Any CPU
		{F708AC5D-9546-413E-B93D-7424A580B6B2}.Release|iPhoneSimulator.ActiveCfg = Release|Any CPU
		{F708AC5D-9546-413E-B93D-7424A580B6B2}.Release|Mixed Platforms.ActiveCfg = Release|Any CPU
		{F708AC5D-9546-413E-B93D-7424A580B6B2}.Release|Mixed Platforms.Build.0 = Release|Any CPU
		{50076681-3661-4E95-9F18-E37BC74D82B6}.Ad-Hoc|Any CPU.ActiveCfg = Release|Any CPU
		{50076681-3661-4E95-9F18-E37BC74D82B6}.Ad-Hoc|Any CPU.Build.0 = Release|Any CPU
		{50076681-3661-4E95-9F18-E37BC74D82B6}.Ad-Hoc|iPhone.ActiveCfg = Release|Any CPU
		{50076681-3661-4E95-9F18-E37BC74D82B6}.Ad-Hoc|iPhoneSimulator.ActiveCfg = Release|Any CPU
		{50076681-3661-4E95-9F18-E37BC74D82B6}.Ad-Hoc|Mixed Platforms.ActiveCfg = Release|Any CPU
		{50076681-3661-4E95-9F18-E37BC74D82B6}.Ad-Hoc|Mixed Platforms.Build.0 = Release|Any CPU
		{50076681-3661-4E95-9F18-E37BC74D82B6}.AppStore|Any CPU.ActiveCfg = Release|Any CPU
		{50076681-3661-4E95-9F18-E37BC74D82B6}.AppStore|Any CPU.Build.0 = Release|Any CPU
		{50076681-3661-4E95-9F18-E37BC74D82B6}.AppStore|iPhone.ActiveCfg = Release|Any CPU
		{50076681-3661-4E95-9F18-E37BC74D82B6}.AppStore|iPhoneSimulator.ActiveCfg = Release|Any CPU
		{50076681-3661-4E95-9F18-E37BC74D82B6}.AppStore|Mixed Platforms.ActiveCfg = Release|Any CPU
		{50076681-3661-4E95-9F18-E37BC74D82B6}.AppStore|Mixed Platforms.Build.0 = Release|Any CPU
		{50076681-3661-4E95-9F18-E37BC74D82B6}.Debug|Any CPU.ActiveCfg = Debug|Any CPU
		{50076681-3661-4E95-9F18-E37BC74D82B6}.Debug|Any CPU.Build.0 = Debug|Any CPU
		{50076681-3661-4E95-9F18-E37BC74D82B6}.Debug|iPhone.ActiveCfg = Debug|Any CPU
		{50076681-3661-4E95-9F18-E37BC74D82B6}.Debug|iPhoneSimulator.ActiveCfg = Debug|Any CPU
		{50076681-3661-4E95-9F18-E37BC74D82B6}.Debug|Mixed Platforms.ActiveCfg = Debug|Any CPU
		{50076681-3661-4E95-9F18-E37BC74D82B6}.Debug|Mixed Platforms.Build.0 = Debug|Any CPU
		{50076681-3661-4E95-9F18-E37BC74D82B6}.Release|Any CPU.ActiveCfg = Release|Any CPU
		{50076681-3661-4E95-9F18-E37BC74D82B6}.Release|Any CPU.Build.0 = Release|Any CPU
		{50076681-3661-4E95-9F18-E37BC74D82B6}.Release|iPhone.ActiveCfg = Release|Any CPU
		{50076681-3661-4E95-9F18-E37BC74D82B6}.Release|iPhoneSimulator.ActiveCfg = Release|Any CPU
		{50076681-3661-4E95-9F18-E37BC74D82B6}.Release|Mixed Platforms.ActiveCfg = Release|Any CPU
		{50076681-3661-4E95-9F18-E37BC74D82B6}.Release|Mixed Platforms.Build.0 = Release|Any CPU
		{27F7EF25-DC26-4427-9966-8CDE4146D3A9}.Ad-Hoc|Any CPU.ActiveCfg = Release|Any CPU
		{27F7EF25-DC26-4427-9966-8CDE4146D3A9}.Ad-Hoc|Any CPU.Build.0 = Release|Any CPU
		{27F7EF25-DC26-4427-9966-8CDE4146D3A9}.Ad-Hoc|iPhone.ActiveCfg = Release|Any CPU
		{27F7EF25-DC26-4427-9966-8CDE4146D3A9}.Ad-Hoc|iPhoneSimulator.ActiveCfg = Release|Any CPU
		{27F7EF25-DC26-4427-9966-8CDE4146D3A9}.Ad-Hoc|Mixed Platforms.ActiveCfg = Release|Any CPU
		{27F7EF25-DC26-4427-9966-8CDE4146D3A9}.Ad-Hoc|Mixed Platforms.Build.0 = Release|Any CPU
		{27F7EF25-DC26-4427-9966-8CDE4146D3A9}.AppStore|Any CPU.ActiveCfg = Release|Any CPU
		{27F7EF25-DC26-4427-9966-8CDE4146D3A9}.AppStore|Any CPU.Build.0 = Release|Any CPU
		{27F7EF25-DC26-4427-9966-8CDE4146D3A9}.AppStore|iPhone.ActiveCfg = Release|Any CPU
		{27F7EF25-DC26-4427-9966-8CDE4146D3A9}.AppStore|iPhoneSimulator.ActiveCfg = Release|Any CPU
		{27F7EF25-DC26-4427-9966-8CDE4146D3A9}.AppStore|Mixed Platforms.ActiveCfg = Release|Any CPU
		{27F7EF25-DC26-4427-9966-8CDE4146D3A9}.AppStore|Mixed Platforms.Build.0 = Release|Any CPU
		{27F7EF25-DC26-4427-9966-8CDE4146D3A9}.Debug|Any CPU.ActiveCfg = Debug|Any CPU
		{27F7EF25-DC26-4427-9966-8CDE4146D3A9}.Debug|Any CPU.Build.0 = Debug|Any CPU
		{27F7EF25-DC26-4427-9966-8CDE4146D3A9}.Debug|iPhone.ActiveCfg = Debug|Any CPU
		{27F7EF25-DC26-4427-9966-8CDE4146D3A9}.Debug|iPhoneSimulator.ActiveCfg = Debug|Any CPU
		{27F7EF25-DC26-4427-9966-8CDE4146D3A9}.Debug|Mixed Platforms.ActiveCfg = Debug|Any CPU
		{27F7EF25-DC26-4427-9966-8CDE4146D3A9}.Debug|Mixed Platforms.Build.0 = Debug|Any CPU
		{27F7EF25-DC26-4427-9966-8CDE4146D3A9}.Release|Any CPU.ActiveCfg = Release|Any CPU
		{27F7EF25-DC26-4427-9966-8CDE4146D3A9}.Release|Any CPU.Build.0 = Release|Any CPU
		{27F7EF25-DC26-4427-9966-8CDE4146D3A9}.Release|iPhone.ActiveCfg = Release|Any CPU
		{27F7EF25-DC26-4427-9966-8CDE4146D3A9}.Release|iPhoneSimulator.ActiveCfg = Release|Any CPU
		{27F7EF25-DC26-4427-9966-8CDE4146D3A9}.Release|Mixed Platforms.ActiveCfg = Release|Any CPU
		{27F7EF25-DC26-4427-9966-8CDE4146D3A9}.Release|Mixed Platforms.Build.0 = Release|Any CPU
		{888ED908-1AD8-42AF-97ED-748AECA765BC}.Ad-Hoc|Any CPU.ActiveCfg = Release|Any CPU
		{888ED908-1AD8-42AF-97ED-748AECA765BC}.Ad-Hoc|Any CPU.Build.0 = Release|Any CPU
		{888ED908-1AD8-42AF-97ED-748AECA765BC}.Ad-Hoc|iPhone.ActiveCfg = Release|Any CPU
		{888ED908-1AD8-42AF-97ED-748AECA765BC}.Ad-Hoc|iPhoneSimulator.ActiveCfg = Release|Any CPU
		{888ED908-1AD8-42AF-97ED-748AECA765BC}.Ad-Hoc|Mixed Platforms.ActiveCfg = Release|Any CPU
		{888ED908-1AD8-42AF-97ED-748AECA765BC}.Ad-Hoc|Mixed Platforms.Build.0 = Release|Any CPU
		{888ED908-1AD8-42AF-97ED-748AECA765BC}.AppStore|Any CPU.ActiveCfg = Release|Any CPU
		{888ED908-1AD8-42AF-97ED-748AECA765BC}.AppStore|Any CPU.Build.0 = Release|Any CPU
		{888ED908-1AD8-42AF-97ED-748AECA765BC}.AppStore|iPhone.ActiveCfg = Release|Any CPU
		{888ED908-1AD8-42AF-97ED-748AECA765BC}.AppStore|iPhoneSimulator.ActiveCfg = Release|Any CPU
		{888ED908-1AD8-42AF-97ED-748AECA765BC}.AppStore|Mixed Platforms.ActiveCfg = Release|Any CPU
		{888ED908-1AD8-42AF-97ED-748AECA765BC}.AppStore|Mixed Platforms.Build.0 = Release|Any CPU
		{888ED908-1AD8-42AF-97ED-748AECA765BC}.Debug|Any CPU.ActiveCfg = Debug|Any CPU
		{888ED908-1AD8-42AF-97ED-748AECA765BC}.Debug|Any CPU.Build.0 = Debug|Any CPU
		{888ED908-1AD8-42AF-97ED-748AECA765BC}.Debug|iPhone.ActiveCfg = Debug|Any CPU
		{888ED908-1AD8-42AF-97ED-748AECA765BC}.Debug|iPhoneSimulator.ActiveCfg = Debug|Any CPU
		{888ED908-1AD8-42AF-97ED-748AECA765BC}.Debug|Mixed Platforms.ActiveCfg = Debug|Any CPU
		{888ED908-1AD8-42AF-97ED-748AECA765BC}.Debug|Mixed Platforms.Build.0 = Debug|Any CPU
		{888ED908-1AD8-42AF-97ED-748AECA765BC}.Release|Any CPU.ActiveCfg = Release|Any CPU
		{888ED908-1AD8-42AF-97ED-748AECA765BC}.Release|Any CPU.Build.0 = Release|Any CPU
		{888ED908-1AD8-42AF-97ED-748AECA765BC}.Release|iPhone.ActiveCfg = Release|Any CPU
		{888ED908-1AD8-42AF-97ED-748AECA765BC}.Release|iPhoneSimulator.ActiveCfg = Release|Any CPU
		{888ED908-1AD8-42AF-97ED-748AECA765BC}.Release|Mixed Platforms.ActiveCfg = Release|Any CPU
		{888ED908-1AD8-42AF-97ED-748AECA765BC}.Release|Mixed Platforms.Build.0 = Release|Any CPU
		{E1C2AB2E-4ABF-484E-B5CF-ED8CC3D57F53}.Ad-Hoc|Any CPU.ActiveCfg = Release|Any CPU
		{E1C2AB2E-4ABF-484E-B5CF-ED8CC3D57F53}.Ad-Hoc|Any CPU.Build.0 = Release|Any CPU
		{E1C2AB2E-4ABF-484E-B5CF-ED8CC3D57F53}.Ad-Hoc|Any CPU.Deploy.0 = Release|Any CPU
		{E1C2AB2E-4ABF-484E-B5CF-ED8CC3D57F53}.Ad-Hoc|iPhone.ActiveCfg = Release|Any CPU
		{E1C2AB2E-4ABF-484E-B5CF-ED8CC3D57F53}.Ad-Hoc|iPhoneSimulator.ActiveCfg = Release|Any CPU
		{E1C2AB2E-4ABF-484E-B5CF-ED8CC3D57F53}.Ad-Hoc|Mixed Platforms.ActiveCfg = Release|Any CPU
		{E1C2AB2E-4ABF-484E-B5CF-ED8CC3D57F53}.Ad-Hoc|Mixed Platforms.Build.0 = Release|Any CPU
		{E1C2AB2E-4ABF-484E-B5CF-ED8CC3D57F53}.Ad-Hoc|Mixed Platforms.Deploy.0 = Release|Any CPU
		{E1C2AB2E-4ABF-484E-B5CF-ED8CC3D57F53}.AppStore|Any CPU.ActiveCfg = Release|Any CPU
		{E1C2AB2E-4ABF-484E-B5CF-ED8CC3D57F53}.AppStore|Any CPU.Build.0 = Release|Any CPU
		{E1C2AB2E-4ABF-484E-B5CF-ED8CC3D57F53}.AppStore|Any CPU.Deploy.0 = Release|Any CPU
		{E1C2AB2E-4ABF-484E-B5CF-ED8CC3D57F53}.AppStore|iPhone.ActiveCfg = Release|Any CPU
		{E1C2AB2E-4ABF-484E-B5CF-ED8CC3D57F53}.AppStore|iPhoneSimulator.ActiveCfg = Release|Any CPU
		{E1C2AB2E-4ABF-484E-B5CF-ED8CC3D57F53}.AppStore|Mixed Platforms.ActiveCfg = Release|Any CPU
		{E1C2AB2E-4ABF-484E-B5CF-ED8CC3D57F53}.AppStore|Mixed Platforms.Build.0 = Release|Any CPU
		{E1C2AB2E-4ABF-484E-B5CF-ED8CC3D57F53}.AppStore|Mixed Platforms.Deploy.0 = Release|Any CPU
		{E1C2AB2E-4ABF-484E-B5CF-ED8CC3D57F53}.Debug|Any CPU.ActiveCfg = Debug|Any CPU
		{E1C2AB2E-4ABF-484E-B5CF-ED8CC3D57F53}.Debug|Any CPU.Build.0 = Debug|Any CPU
		{E1C2AB2E-4ABF-484E-B5CF-ED8CC3D57F53}.Debug|Any CPU.Deploy.0 = Debug|Any CPU
		{E1C2AB2E-4ABF-484E-B5CF-ED8CC3D57F53}.Debug|iPhone.ActiveCfg = Debug|Any CPU
		{E1C2AB2E-4ABF-484E-B5CF-ED8CC3D57F53}.Debug|iPhoneSimulator.ActiveCfg = Debug|Any CPU
		{E1C2AB2E-4ABF-484E-B5CF-ED8CC3D57F53}.Debug|Mixed Platforms.ActiveCfg = Debug|Any CPU
		{E1C2AB2E-4ABF-484E-B5CF-ED8CC3D57F53}.Debug|Mixed Platforms.Build.0 = Debug|Any CPU
		{E1C2AB2E-4ABF-484E-B5CF-ED8CC3D57F53}.Debug|Mixed Platforms.Deploy.0 = Debug|Any CPU
		{E1C2AB2E-4ABF-484E-B5CF-ED8CC3D57F53}.Release|Any CPU.ActiveCfg = Release|Any CPU
		{E1C2AB2E-4ABF-484E-B5CF-ED8CC3D57F53}.Release|Any CPU.Build.0 = Release|Any CPU
		{E1C2AB2E-4ABF-484E-B5CF-ED8CC3D57F53}.Release|Any CPU.Deploy.0 = Release|Any CPU
		{E1C2AB2E-4ABF-484E-B5CF-ED8CC3D57F53}.Release|iPhone.ActiveCfg = Release|Any CPU
		{E1C2AB2E-4ABF-484E-B5CF-ED8CC3D57F53}.Release|iPhoneSimulator.ActiveCfg = Release|Any CPU
		{E1C2AB2E-4ABF-484E-B5CF-ED8CC3D57F53}.Release|Mixed Platforms.ActiveCfg = Release|Any CPU
		{E1C2AB2E-4ABF-484E-B5CF-ED8CC3D57F53}.Release|Mixed Platforms.Build.0 = Release|Any CPU
		{E1C2AB2E-4ABF-484E-B5CF-ED8CC3D57F53}.Release|Mixed Platforms.Deploy.0 = Release|Any CPU
		{29C99B4F-A4F5-4353-BED0-E7FD04A5119C}.Ad-Hoc|Any CPU.ActiveCfg = Release|Any CPU
		{29C99B4F-A4F5-4353-BED0-E7FD04A5119C}.Ad-Hoc|Any CPU.Build.0 = Release|Any CPU
		{29C99B4F-A4F5-4353-BED0-E7FD04A5119C}.Ad-Hoc|iPhone.ActiveCfg = Release|Any CPU
		{29C99B4F-A4F5-4353-BED0-E7FD04A5119C}.Ad-Hoc|iPhone.Build.0 = Release|Any CPU
		{29C99B4F-A4F5-4353-BED0-E7FD04A5119C}.Ad-Hoc|iPhoneSimulator.ActiveCfg = Release|Any CPU
		{29C99B4F-A4F5-4353-BED0-E7FD04A5119C}.Ad-Hoc|iPhoneSimulator.Build.0 = Release|Any CPU
		{29C99B4F-A4F5-4353-BED0-E7FD04A5119C}.Ad-Hoc|Mixed Platforms.ActiveCfg = Release|Any CPU
		{29C99B4F-A4F5-4353-BED0-E7FD04A5119C}.Ad-Hoc|Mixed Platforms.Build.0 = Release|Any CPU
		{29C99B4F-A4F5-4353-BED0-E7FD04A5119C}.AppStore|Any CPU.ActiveCfg = Release|Any CPU
		{29C99B4F-A4F5-4353-BED0-E7FD04A5119C}.AppStore|Any CPU.Build.0 = Release|Any CPU
		{29C99B4F-A4F5-4353-BED0-E7FD04A5119C}.AppStore|iPhone.ActiveCfg = Release|Any CPU
		{29C99B4F-A4F5-4353-BED0-E7FD04A5119C}.AppStore|iPhone.Build.0 = Release|Any CPU
		{29C99B4F-A4F5-4353-BED0-E7FD04A5119C}.AppStore|iPhoneSimulator.ActiveCfg = Release|Any CPU
		{29C99B4F-A4F5-4353-BED0-E7FD04A5119C}.AppStore|iPhoneSimulator.Build.0 = Release|Any CPU
		{29C99B4F-A4F5-4353-BED0-E7FD04A5119C}.AppStore|Mixed Platforms.ActiveCfg = Release|Any CPU
		{29C99B4F-A4F5-4353-BED0-E7FD04A5119C}.AppStore|Mixed Platforms.Build.0 = Release|Any CPU
		{29C99B4F-A4F5-4353-BED0-E7FD04A5119C}.Debug|Any CPU.ActiveCfg = Debug|Any CPU
		{29C99B4F-A4F5-4353-BED0-E7FD04A5119C}.Debug|Any CPU.Build.0 = Debug|Any CPU
		{29C99B4F-A4F5-4353-BED0-E7FD04A5119C}.Debug|iPhone.ActiveCfg = Debug|Any CPU
		{29C99B4F-A4F5-4353-BED0-E7FD04A5119C}.Debug|iPhone.Build.0 = Debug|Any CPU
		{29C99B4F-A4F5-4353-BED0-E7FD04A5119C}.Debug|iPhoneSimulator.ActiveCfg = Debug|Any CPU
		{29C99B4F-A4F5-4353-BED0-E7FD04A5119C}.Debug|iPhoneSimulator.Build.0 = Debug|Any CPU
		{29C99B4F-A4F5-4353-BED0-E7FD04A5119C}.Debug|Mixed Platforms.ActiveCfg = Debug|Any CPU
		{29C99B4F-A4F5-4353-BED0-E7FD04A5119C}.Debug|Mixed Platforms.Build.0 = Debug|Any CPU
		{29C99B4F-A4F5-4353-BED0-E7FD04A5119C}.Release|Any CPU.ActiveCfg = Release|Any CPU
		{29C99B4F-A4F5-4353-BED0-E7FD04A5119C}.Release|Any CPU.Build.0 = Release|Any CPU
		{29C99B4F-A4F5-4353-BED0-E7FD04A5119C}.Release|iPhone.ActiveCfg = Release|Any CPU
		{29C99B4F-A4F5-4353-BED0-E7FD04A5119C}.Release|iPhone.Build.0 = Release|Any CPU
		{29C99B4F-A4F5-4353-BED0-E7FD04A5119C}.Release|iPhoneSimulator.ActiveCfg = Release|Any CPU
		{29C99B4F-A4F5-4353-BED0-E7FD04A5119C}.Release|iPhoneSimulator.Build.0 = Release|Any CPU
		{29C99B4F-A4F5-4353-BED0-E7FD04A5119C}.Release|Mixed Platforms.ActiveCfg = Release|Any CPU
		{29C99B4F-A4F5-4353-BED0-E7FD04A5119C}.Release|Mixed Platforms.Build.0 = Release|Any CPU
		{F63BCE03-FF21-4BCA-B257-0617E924F09D}.Ad-Hoc|Any CPU.ActiveCfg = Release|Any CPU
		{F63BCE03-FF21-4BCA-B257-0617E924F09D}.Ad-Hoc|Any CPU.Build.0 = Release|Any CPU
		{F63BCE03-FF21-4BCA-B257-0617E924F09D}.Ad-Hoc|iPhone.ActiveCfg = Release|Any CPU
		{F63BCE03-FF21-4BCA-B257-0617E924F09D}.Ad-Hoc|iPhone.Build.0 = Release|Any CPU
		{F63BCE03-FF21-4BCA-B257-0617E924F09D}.Ad-Hoc|iPhoneSimulator.ActiveCfg = Release|Any CPU
		{F63BCE03-FF21-4BCA-B257-0617E924F09D}.Ad-Hoc|iPhoneSimulator.Build.0 = Release|Any CPU
		{F63BCE03-FF21-4BCA-B257-0617E924F09D}.Ad-Hoc|Mixed Platforms.ActiveCfg = Release|Any CPU
		{F63BCE03-FF21-4BCA-B257-0617E924F09D}.Ad-Hoc|Mixed Platforms.Build.0 = Release|Any CPU
		{F63BCE03-FF21-4BCA-B257-0617E924F09D}.AppStore|Any CPU.ActiveCfg = Release|Any CPU
		{F63BCE03-FF21-4BCA-B257-0617E924F09D}.AppStore|Any CPU.Build.0 = Release|Any CPU
		{F63BCE03-FF21-4BCA-B257-0617E924F09D}.AppStore|iPhone.ActiveCfg = Release|Any CPU
		{F63BCE03-FF21-4BCA-B257-0617E924F09D}.AppStore|iPhone.Build.0 = Release|Any CPU
		{F63BCE03-FF21-4BCA-B257-0617E924F09D}.AppStore|iPhoneSimulator.ActiveCfg = Release|Any CPU
		{F63BCE03-FF21-4BCA-B257-0617E924F09D}.AppStore|iPhoneSimulator.Build.0 = Release|Any CPU
		{F63BCE03-FF21-4BCA-B257-0617E924F09D}.AppStore|Mixed Platforms.ActiveCfg = Release|Any CPU
		{F63BCE03-FF21-4BCA-B257-0617E924F09D}.AppStore|Mixed Platforms.Build.0 = Release|Any CPU
		{F63BCE03-FF21-4BCA-B257-0617E924F09D}.Debug|Any CPU.ActiveCfg = Debug|Any CPU
		{F63BCE03-FF21-4BCA-B257-0617E924F09D}.Debug|Any CPU.Build.0 = Debug|Any CPU
		{F63BCE03-FF21-4BCA-B257-0617E924F09D}.Debug|iPhone.ActiveCfg = Debug|Any CPU
		{F63BCE03-FF21-4BCA-B257-0617E924F09D}.Debug|iPhone.Build.0 = Debug|Any CPU
		{F63BCE03-FF21-4BCA-B257-0617E924F09D}.Debug|iPhoneSimulator.ActiveCfg = Debug|Any CPU
		{F63BCE03-FF21-4BCA-B257-0617E924F09D}.Debug|iPhoneSimulator.Build.0 = Debug|Any CPU
		{F63BCE03-FF21-4BCA-B257-0617E924F09D}.Debug|Mixed Platforms.ActiveCfg = Debug|Any CPU
		{F63BCE03-FF21-4BCA-B257-0617E924F09D}.Debug|Mixed Platforms.Build.0 = Debug|Any CPU
		{F63BCE03-FF21-4BCA-B257-0617E924F09D}.Release|Any CPU.ActiveCfg = Release|Any CPU
		{F63BCE03-FF21-4BCA-B257-0617E924F09D}.Release|Any CPU.Build.0 = Release|Any CPU
		{F63BCE03-FF21-4BCA-B257-0617E924F09D}.Release|iPhone.ActiveCfg = Release|Any CPU
		{F63BCE03-FF21-4BCA-B257-0617E924F09D}.Release|iPhone.Build.0 = Release|Any CPU
		{F63BCE03-FF21-4BCA-B257-0617E924F09D}.Release|iPhoneSimulator.ActiveCfg = Release|Any CPU
		{F63BCE03-FF21-4BCA-B257-0617E924F09D}.Release|iPhoneSimulator.Build.0 = Release|Any CPU
		{F63BCE03-FF21-4BCA-B257-0617E924F09D}.Release|Mixed Platforms.ActiveCfg = Release|Any CPU
		{F63BCE03-FF21-4BCA-B257-0617E924F09D}.Release|Mixed Platforms.Build.0 = Release|Any CPU
		{94B811BF-F570-4310-B86C-D09655A9FECF}.Ad-Hoc|Any CPU.ActiveCfg = Release|Any CPU
		{94B811BF-F570-4310-B86C-D09655A9FECF}.Ad-Hoc|Any CPU.Build.0 = Release|Any CPU
		{94B811BF-F570-4310-B86C-D09655A9FECF}.Ad-Hoc|iPhone.ActiveCfg = Release|Any CPU
		{94B811BF-F570-4310-B86C-D09655A9FECF}.Ad-Hoc|iPhone.Build.0 = Release|Any CPU
		{94B811BF-F570-4310-B86C-D09655A9FECF}.Ad-Hoc|iPhoneSimulator.ActiveCfg = Release|Any CPU
		{94B811BF-F570-4310-B86C-D09655A9FECF}.Ad-Hoc|iPhoneSimulator.Build.0 = Release|Any CPU
		{94B811BF-F570-4310-B86C-D09655A9FECF}.Ad-Hoc|Mixed Platforms.ActiveCfg = Release|Any CPU
		{94B811BF-F570-4310-B86C-D09655A9FECF}.Ad-Hoc|Mixed Platforms.Build.0 = Release|Any CPU
		{94B811BF-F570-4310-B86C-D09655A9FECF}.AppStore|Any CPU.ActiveCfg = Release|Any CPU
		{94B811BF-F570-4310-B86C-D09655A9FECF}.AppStore|Any CPU.Build.0 = Release|Any CPU
		{94B811BF-F570-4310-B86C-D09655A9FECF}.AppStore|iPhone.ActiveCfg = Release|Any CPU
		{94B811BF-F570-4310-B86C-D09655A9FECF}.AppStore|iPhone.Build.0 = Release|Any CPU
		{94B811BF-F570-4310-B86C-D09655A9FECF}.AppStore|iPhoneSimulator.ActiveCfg = Release|Any CPU
		{94B811BF-F570-4310-B86C-D09655A9FECF}.AppStore|iPhoneSimulator.Build.0 = Release|Any CPU
		{94B811BF-F570-4310-B86C-D09655A9FECF}.AppStore|Mixed Platforms.ActiveCfg = Release|Any CPU
		{94B811BF-F570-4310-B86C-D09655A9FECF}.AppStore|Mixed Platforms.Build.0 = Release|Any CPU
		{94B811BF-F570-4310-B86C-D09655A9FECF}.Debug|Any CPU.ActiveCfg = Debug|Any CPU
		{94B811BF-F570-4310-B86C-D09655A9FECF}.Debug|Any CPU.Build.0 = Debug|Any CPU
		{94B811BF-F570-4310-B86C-D09655A9FECF}.Debug|iPhone.ActiveCfg = Debug|Any CPU
		{94B811BF-F570-4310-B86C-D09655A9FECF}.Debug|iPhone.Build.0 = Debug|Any CPU
		{94B811BF-F570-4310-B86C-D09655A9FECF}.Debug|iPhoneSimulator.ActiveCfg = Debug|Any CPU
		{94B811BF-F570-4310-B86C-D09655A9FECF}.Debug|iPhoneSimulator.Build.0 = Debug|Any CPU
		{94B811BF-F570-4310-B86C-D09655A9FECF}.Debug|Mixed Platforms.ActiveCfg = Debug|Any CPU
		{94B811BF-F570-4310-B86C-D09655A9FECF}.Debug|Mixed Platforms.Build.0 = Debug|Any CPU
		{94B811BF-F570-4310-B86C-D09655A9FECF}.Release|Any CPU.ActiveCfg = Release|Any CPU
		{94B811BF-F570-4310-B86C-D09655A9FECF}.Release|Any CPU.Build.0 = Release|Any CPU
		{94B811BF-F570-4310-B86C-D09655A9FECF}.Release|iPhone.ActiveCfg = Release|Any CPU
		{94B811BF-F570-4310-B86C-D09655A9FECF}.Release|iPhone.Build.0 = Release|Any CPU
		{94B811BF-F570-4310-B86C-D09655A9FECF}.Release|iPhoneSimulator.ActiveCfg = Release|Any CPU
		{94B811BF-F570-4310-B86C-D09655A9FECF}.Release|iPhoneSimulator.Build.0 = Release|Any CPU
		{94B811BF-F570-4310-B86C-D09655A9FECF}.Release|Mixed Platforms.ActiveCfg = Release|Any CPU
		{94B811BF-F570-4310-B86C-D09655A9FECF}.Release|Mixed Platforms.Build.0 = Release|Any CPU
	EndGlobalSection
	GlobalSection(SolutionProperties) = preSolution
		HideSolutionNode = FALSE
	EndGlobalSection
EndGlobal
